
Microsoft Visual Studio Solution File, Format Version 12.00
# Visual Studio Version 17
VisualStudioVersion = 17.0.31903.59
MinimumVisualStudioVersion = 10.0.40219.1
Project("{FAE04EC0-301F-11D3-BF4B-00C04F79EFBC}") = "Kata.Tests", "Kata.Tests\Kata.Tests.csproj", "{553367C6-DE90-473E-B193-9DFE19CF74CC}"
EndProject
Project("{FAE04EC0-301F-11D3-BF4B-00C04F79EFBC}") = "Kata.Services", "Kata.Services\Kata.Services.csproj", "{FA7F4D37-BBB2-4D5F-9546-0B331D14A299}"
EndProject
Global
	GlobalSection(SolutionConfigurationPlatforms) = preSolution
		Debug|Any CPU = Debug|Any CPU
		Release|Any CPU = Release|Any CPU
	EndGlobalSection
	GlobalSection(SolutionProperties) = preSolution
		HideSolutionNode = FALSE
	EndGlobalSection
	GlobalSection(ProjectConfigurationPlatforms) = postSolution
		{553367C6-DE90-473E-B193-9DFE19CF74CC}.Debug|Any CPU.ActiveCfg = Debug|Any CPU
		{553367C6-DE90-473E-B193-9DFE19CF74CC}.Debug|Any CPU.Build.0 = Debug|Any CPU
		{553367C6-DE90-473E-B193-9DFE19CF74CC}.Release|Any CPU.ActiveCfg = Release|Any CPU
		{553367C6-DE90-473E-B193-9DFE19CF74CC}.Release|Any CPU.Build.0 = Release|Any CPU
		{FA7F4D37-BBB2-4D5F-9546-0B331D14A299}.Debug|Any CPU.ActiveCfg = Debug|Any CPU
		{FA7F4D37-BBB2-4D5F-9546-0B331D14A299}.Debug|Any CPU.Build.0 = Debug|Any CPU
		{FA7F4D37-BBB2-4D5F-9546-0B331D14A299}.Release|Any CPU.ActiveCfg = Release|Any CPU
		{FA7F4D37-BBB2-4D5F-9546-0B331D14A299}.Release|Any CPU.Build.0 = Release|Any CPU
	EndGlobalSection
EndGlobal
